
Microsoft Visual Studio Solution File, Format Version 12.00
# Visual Studio 14
VisualStudioVersion = 14.0.25420.1
MinimumVisualStudioVersion = 10.0.40219.1
Project("{8BC9CEB8-8B4A-11D0-8D11-00A0C91BC942}") = "치즈도둑", "치즈도둑\치즈도둑.vcxproj", "{08E445A6-D391-4E90-88DB-9630A13EEF8F}"
EndProject
Project("{8BC9CEB8-8B4A-11D0-8D11-00A0C91BC942}") = "나무깎는홍준", "나무깎는홍준\나무깎는홍준.vcxproj", "{837AC702-1AE6-4020-8EB0-0CE26EB4E138}"
EndProject
Project("{8BC9CEB8-8B4A-11D0-8D11-00A0C91BC942}") = "퀴즈", "퀴즈\퀴즈.vcxproj", "{7FCDBE98-ECA6-4526-B4D9-D0A97AEED673}"
EndProject
Project("{8BC9CEB8-8B4A-11D0-8D11-00A0C91BC942}") = "운동", "운동\운동.vcxproj", "{D6FFF5BD-1A03-4B0B-AEDB-F12DDC86EEAE}"
EndProject
Project("{8BC9CEB8-8B4A-11D0-8D11-00A0C91BC942}") = "팰린드롬", "팰린드롬\팰린드롬.vcxproj", "{CF05AC53-EAA1-40EC-AFA2-A0B1136B99A5}"
EndProject
Project("{8BC9CEB8-8B4A-11D0-8D11-00A0C91BC942}") = "올해의조련사", "올해의조련사\올해의조련사.vcxproj", "{B5DA568B-36CC-4346-953E-6A46118FE4BF}"
EndProject
Project("{8BC9CEB8-8B4A-11D0-8D11-00A0C91BC942}") = "홀수피라미드", "홀수피라미드\홀수피라미드.vcxproj", "{E79F7B34-ACC3-4E08-B582-65D28CFCC92B}"
EndProject
Project("{8BC9CEB8-8B4A-11D0-8D11-00A0C91BC942}") = "폭탄감식반", "폭탄감식반\폭탄감식반.vcxproj", "{2660580D-5BDE-401F-9CA7-F79F29F1DBE2}"
EndProject
Project("{8BC9CEB8-8B4A-11D0-8D11-00A0C91BC942}") = "영양사수정", "영양사수정\영양사수정.vcxproj", "{FD0D2B21-538C-4FD8-8519-8C7E8BAA6198}"
EndProject
Project("{8BC9CEB8-8B4A-11D0-8D11-00A0C91BC942}") = "내전경기", "내전경기\내전경기.vcxproj", "{A76F82CD-20D9-4373-AEB5-6A970204F02F}"
EndProject
Project("{8BC9CEB8-8B4A-11D0-8D11-00A0C91BC942}") = "줄세우기", "줄세우기\줄세우기.vcxproj", "{E3F4CC8E-7663-49B0-BAB5-B9C66BF377BA}"
EndProject
Project("{8BC9CEB8-8B4A-11D0-8D11-00A0C91BC942}") = "수지의수지맞는여행", "수지의수지맞는여행\수지의수지맞는여행.vcxproj", "{20E694CA-9CDA-4183-AC1E-B71B9C8F53B3}"
EndProject
Project("{8BC9CEB8-8B4A-11D0-8D11-00A0C91BC942}") = "염라대왕의이름정렬", "염라대왕의이름정렬\염라대왕의이름정렬.vcxproj", "{007BB51F-1E1C-4CC3-9BAF-4F2D4EE49407}"
EndProject
Project("{8BC9CEB8-8B4A-11D0-8D11-00A0C91BC942}") = "혁진이의프로그램검증", "혁진이의프로그램검증\혁진이의프로그램검증.vcxproj", "{EE283415-0E17-4DF0-8B0C-0715610466C1}"
EndProject
Project("{8BC9CEB8-8B4A-11D0-8D11-00A0C91BC942}") = "우편함", "우편함\우편함.vcxproj", "{E985BDE5-CFBC-406D-9DAB-1DC1FECEB9F2}"
EndProject
Project("{8BC9CEB8-8B4A-11D0-8D11-00A0C91BC942}") = "만화책정렬하기", "만화책정렬하기\만화책정렬하기.vcxproj", "{4F2752D5-2E72-41F8-B5A7-1D3FF9AC85CF}"
EndProject
Project("{8BC9CEB8-8B4A-11D0-8D11-00A0C91BC942}") = "영이는영이시져시져!", "영이는영이시져시져!\영이는영이시져시져!.vcxproj", "{C4876DB0-F37A-49A5-BDF7-C0E0E3C649AE}"
EndProject
Project("{8BC9CEB8-8B4A-11D0-8D11-00A0C91BC942}") = "블록부품맞추기", "블록부품맞추기\블록부품맞추기.vcxproj", "{C6BD804E-9BED-4AB8-8C0B-5C20E9B70E72}"
EndProject
Global
	GlobalSection(SolutionConfigurationPlatforms) = preSolution
		Debug|x64 = Debug|x64
		Debug|x86 = Debug|x86
		Release|x64 = Release|x64
		Release|x86 = Release|x86
	EndGlobalSection
	GlobalSection(ProjectConfigurationPlatforms) = postSolution
		{08E445A6-D391-4E90-88DB-9630A13EEF8F}.Debug|x64.ActiveCfg = Debug|x64
		{08E445A6-D391-4E90-88DB-9630A13EEF8F}.Debug|x64.Build.0 = Debug|x64
		{08E445A6-D391-4E90-88DB-9630A13EEF8F}.Debug|x86.ActiveCfg = Debug|Win32
		{08E445A6-D391-4E90-88DB-9630A13EEF8F}.Debug|x86.Build.0 = Debug|Win32
		{08E445A6-D391-4E90-88DB-9630A13EEF8F}.Release|x64.ActiveCfg = Release|x64
		{08E445A6-D391-4E90-88DB-9630A13EEF8F}.Release|x64.Build.0 = Release|x64
		{08E445A6-D391-4E90-88DB-9630A13EEF8F}.Release|x86.ActiveCfg = Release|Win32
		{08E445A6-D391-4E90-88DB-9630A13EEF8F}.Release|x86.Build.0 = Release|Win32
		{837AC702-1AE6-4020-8EB0-0CE26EB4E138}.Debug|x64.ActiveCfg = Debug|x64
		{837AC702-1AE6-4020-8EB0-0CE26EB4E138}.Debug|x64.Build.0 = Debug|x64
		{837AC702-1AE6-4020-8EB0-0CE26EB4E138}.Debug|x86.ActiveCfg = Debug|Win32
		{837AC702-1AE6-4020-8EB0-0CE26EB4E138}.Debug|x86.Build.0 = Debug|Win32
		{837AC702-1AE6-4020-8EB0-0CE26EB4E138}.Release|x64.ActiveCfg = Release|x64
		{837AC702-1AE6-4020-8EB0-0CE26EB4E138}.Release|x64.Build.0 = Release|x64
		{837AC702-1AE6-4020-8EB0-0CE26EB4E138}.Release|x86.ActiveCfg = Release|Win32
		{837AC702-1AE6-4020-8EB0-0CE26EB4E138}.Release|x86.Build.0 = Release|Win32
		{7FCDBE98-ECA6-4526-B4D9-D0A97AEED673}.Debug|x64.ActiveCfg = Debug|x64
		{7FCDBE98-ECA6-4526-B4D9-D0A97AEED673}.Debug|x64.Build.0 = Debug|x64
		{7FCDBE98-ECA6-4526-B4D9-D0A97AEED673}.Debug|x86.ActiveCfg = Debug|Win32
		{7FCDBE98-ECA6-4526-B4D9-D0A97AEED673}.Debug|x86.Build.0 = Debug|Win32
		{7FCDBE98-ECA6-4526-B4D9-D0A97AEED673}.Release|x64.ActiveCfg = Release|x64
		{7FCDBE98-ECA6-4526-B4D9-D0A97AEED673}.Release|x64.Build.0 = Release|x64
		{7FCDBE98-ECA6-4526-B4D9-D0A97AEED673}.Release|x86.ActiveCfg = Release|Win32
		{7FCDBE98-ECA6-4526-B4D9-D0A97AEED673}.Release|x86.Build.0 = Release|Win32
		{D6FFF5BD-1A03-4B0B-AEDB-F12DDC86EEAE}.Debug|x64.ActiveCfg = Debug|x64
		{D6FFF5BD-1A03-4B0B-AEDB-F12DDC86EEAE}.Debug|x64.Build.0 = Debug|x64
		{D6FFF5BD-1A03-4B0B-AEDB-F12DDC86EEAE}.Debug|x86.ActiveCfg = Debug|Win32
		{D6FFF5BD-1A03-4B0B-AEDB-F12DDC86EEAE}.Debug|x86.Build.0 = Debug|Win32
		{D6FFF5BD-1A03-4B0B-AEDB-F12DDC86EEAE}.Release|x64.ActiveCfg = Release|x64
		{D6FFF5BD-1A03-4B0B-AEDB-F12DDC86EEAE}.Release|x64.Build.0 = Release|x64
		{D6FFF5BD-1A03-4B0B-AEDB-F12DDC86EEAE}.Release|x86.ActiveCfg = Release|Win32
		{D6FFF5BD-1A03-4B0B-AEDB-F12DDC86EEAE}.Release|x86.Build.0 = Release|Win32
		{CF05AC53-EAA1-40EC-AFA2-A0B1136B99A5}.Debug|x64.ActiveCfg = Debug|x64
		{CF05AC53-EAA1-40EC-AFA2-A0B1136B99A5}.Debug|x64.Build.0 = Debug|x64
		{CF05AC53-EAA1-40EC-AFA2-A0B1136B99A5}.Debug|x86.ActiveCfg = Debug|Win32
		{CF05AC53-EAA1-40EC-AFA2-A0B1136B99A5}.Debug|x86.Build.0 = Debug|Win32
		{CF05AC53-EAA1-40EC-AFA2-A0B1136B99A5}.Release|x64.ActiveCfg = Release|x64
		{CF05AC53-EAA1-40EC-AFA2-A0B1136B99A5}.Release|x64.Build.0 = Release|x64
		{CF05AC53-EAA1-40EC-AFA2-A0B1136B99A5}.Release|x86.ActiveCfg = Release|Win32
		{CF05AC53-EAA1-40EC-AFA2-A0B1136B99A5}.Release|x86.Build.0 = Release|Win32
		{B5DA568B-36CC-4346-953E-6A46118FE4BF}.Debug|x64.ActiveCfg = Debug|x64
		{B5DA568B-36CC-4346-953E-6A46118FE4BF}.Debug|x64.Build.0 = Debug|x64
		{B5DA568B-36CC-4346-953E-6A46118FE4BF}.Debug|x86.ActiveCfg = Debug|Win32
		{B5DA568B-36CC-4346-953E-6A46118FE4BF}.Debug|x86.Build.0 = Debug|Win32
		{B5DA568B-36CC-4346-953E-6A46118FE4BF}.Release|x64.ActiveCfg = Release|x64
		{B5DA568B-36CC-4346-953E-6A46118FE4BF}.Release|x64.Build.0 = Release|x64
		{B5DA568B-36CC-4346-953E-6A46118FE4BF}.Release|x86.ActiveCfg = Release|Win32
		{B5DA568B-36CC-4346-953E-6A46118FE4BF}.Release|x86.Build.0 = Release|Win32
		{E79F7B34-ACC3-4E08-B582-65D28CFCC92B}.Debug|x64.ActiveCfg = Debug|x64
		{E79F7B34-ACC3-4E08-B582-65D28CFCC92B}.Debug|x64.Build.0 = Debug|x64
		{E79F7B34-ACC3-4E08-B582-65D28CFCC92B}.Debug|x86.ActiveCfg = Debug|Win32
		{E79F7B34-ACC3-4E08-B582-65D28CFCC92B}.Debug|x86.Build.0 = Debug|Win32
		{E79F7B34-ACC3-4E08-B582-65D28CFCC92B}.Release|x64.ActiveCfg = Release|x64
		{E79F7B34-ACC3-4E08-B582-65D28CFCC92B}.Release|x64.Build.0 = Release|x64
		{E79F7B34-ACC3-4E08-B582-65D28CFCC92B}.Release|x86.ActiveCfg = Release|Win32
		{E79F7B34-ACC3-4E08-B582-65D28CFCC92B}.Release|x86.Build.0 = Release|Win32
		{2660580D-5BDE-401F-9CA7-F79F29F1DBE2}.Debug|x64.ActiveCfg = Debug|x64
		{2660580D-5BDE-401F-9CA7-F79F29F1DBE2}.Debug|x64.Build.0 = Debug|x64
		{2660580D-5BDE-401F-9CA7-F79F29F1DBE2}.Debug|x86.ActiveCfg = Debug|Win32
		{2660580D-5BDE-401F-9CA7-F79F29F1DBE2}.Debug|x86.Build.0 = Debug|Win32
		{2660580D-5BDE-401F-9CA7-F79F29F1DBE2}.Release|x64.ActiveCfg = Release|x64
		{2660580D-5BDE-401F-9CA7-F79F29F1DBE2}.Release|x64.Build.0 = Release|x64
		{2660580D-5BDE-401F-9CA7-F79F29F1DBE2}.Release|x86.ActiveCfg = Release|Win32
		{2660580D-5BDE-401F-9CA7-F79F29F1DBE2}.Release|x86.Build.0 = Release|Win32
		{FD0D2B21-538C-4FD8-8519-8C7E8BAA6198}.Debug|x64.ActiveCfg = Debug|x64
		{FD0D2B21-538C-4FD8-8519-8C7E8BAA6198}.Debug|x64.Build.0 = Debug|x64
		{FD0D2B21-538C-4FD8-8519-8C7E8BAA6198}.Debug|x86.ActiveCfg = Debug|Win32
		{FD0D2B21-538C-4FD8-8519-8C7E8BAA6198}.Debug|x86.Build.0 = Debug|Win32
		{FD0D2B21-538C-4FD8-8519-8C7E8BAA6198}.Release|x64.ActiveCfg = Release|x64
		{FD0D2B21-538C-4FD8-8519-8C7E8BAA6198}.Release|x64.Build.0 = Release|x64
		{FD0D2B21-538C-4FD8-8519-8C7E8BAA6198}.Release|x86.ActiveCfg = Release|Win32
		{FD0D2B21-538C-4FD8-8519-8C7E8BAA6198}.Release|x86.Build.0 = Release|Win32
		{A76F82CD-20D9-4373-AEB5-6A970204F02F}.Debug|x64.ActiveCfg = Debug|x64
		{A76F82CD-20D9-4373-AEB5-6A970204F02F}.Debug|x64.Build.0 = Debug|x64
		{A76F82CD-20D9-4373-AEB5-6A970204F02F}.Debug|x86.ActiveCfg = Debug|Win32
		{A76F82CD-20D9-4373-AEB5-6A970204F02F}.Debug|x86.Build.0 = Debug|Win32
		{A76F82CD-20D9-4373-AEB5-6A970204F02F}.Release|x64.ActiveCfg = Release|x64
		{A76F82CD-20D9-4373-AEB5-6A970204F02F}.Release|x64.Build.0 = Release|x64
		{A76F82CD-20D9-4373-AEB5-6A970204F02F}.Release|x86.ActiveCfg = Release|Win32
		{A76F82CD-20D9-4373-AEB5-6A970204F02F}.Release|x86.Build.0 = Release|Win32
		{E3F4CC8E-7663-49B0-BAB5-B9C66BF377BA}.Debug|x64.ActiveCfg = Debug|x64
		{E3F4CC8E-7663-49B0-BAB5-B9C66BF377BA}.Debug|x64.Build.0 = Debug|x64
		{E3F4CC8E-7663-49B0-BAB5-B9C66BF377BA}.Debug|x86.ActiveCfg = Debug|Win32
		{E3F4CC8E-7663-49B0-BAB5-B9C66BF377BA}.Debug|x86.Build.0 = Debug|Win32
		{E3F4CC8E-7663-49B0-BAB5-B9C66BF377BA}.Release|x64.ActiveCfg = Release|x64
		{E3F4CC8E-7663-49B0-BAB5-B9C66BF377BA}.Release|x64.Build.0 = Release|x64
		{E3F4CC8E-7663-49B0-BAB5-B9C66BF377BA}.Release|x86.ActiveCfg = Release|Win32
		{E3F4CC8E-7663-49B0-BAB5-B9C66BF377BA}.Release|x86.Build.0 = Release|Win32
		{20E694CA-9CDA-4183-AC1E-B71B9C8F53B3}.Debug|x64.ActiveCfg = Debug|x64
		{20E694CA-9CDA-4183-AC1E-B71B9C8F53B3}.Debug|x64.Build.0 = Debug|x64
		{20E694CA-9CDA-4183-AC1E-B71B9C8F53B3}.Debug|x86.ActiveCfg = Debug|Win32
		{20E694CA-9CDA-4183-AC1E-B71B9C8F53B3}.Debug|x86.Build.0 = Debug|Win32
		{20E694CA-9CDA-4183-AC1E-B71B9C8F53B3}.Release|x64.ActiveCfg = Release|x64
		{20E694CA-9CDA-4183-AC1E-B71B9C8F53B3}.Release|x64.Build.0 = Release|x64
		{20E694CA-9CDA-4183-AC1E-B71B9C8F53B3}.Release|x86.ActiveCfg = Release|Win32
		{20E694CA-9CDA-4183-AC1E-B71B9C8F53B3}.Release|x86.Build.0 = Release|Win32
		{007BB51F-1E1C-4CC3-9BAF-4F2D4EE49407}.Debug|x64.ActiveCfg = Debug|x64
		{007BB51F-1E1C-4CC3-9BAF-4F2D4EE49407}.Debug|x64.Build.0 = Debug|x64
		{007BB51F-1E1C-4CC3-9BAF-4F2D4EE49407}.Debug|x86.ActiveCfg = Debug|Win32
		{007BB51F-1E1C-4CC3-9BAF-4F2D4EE49407}.Debug|x86.Build.0 = Debug|Win32
		{007BB51F-1E1C-4CC3-9BAF-4F2D4EE49407}.Release|x64.ActiveCfg = Release|x64
		{007BB51F-1E1C-4CC3-9BAF-4F2D4EE49407}.Release|x64.Build.0 = Release|x64
		{007BB51F-1E1C-4CC3-9BAF-4F2D4EE49407}.Release|x86.ActiveCfg = Release|Win32
		{007BB51F-1E1C-4CC3-9BAF-4F2D4EE49407}.Release|x86.Build.0 = Release|Win32
		{EE283415-0E17-4DF0-8B0C-0715610466C1}.Debug|x64.ActiveCfg = Debug|x64
		{EE283415-0E17-4DF0-8B0C-0715610466C1}.Debug|x64.Build.0 = Debug|x64
		{EE283415-0E17-4DF0-8B0C-0715610466C1}.Debug|x86.ActiveCfg = Debug|Win32
		{EE283415-0E17-4DF0-8B0C-0715610466C1}.Debug|x86.Build.0 = Debug|Win32
		{EE283415-0E17-4DF0-8B0C-0715610466C1}.Release|x64.ActiveCfg = Release|x64
		{EE283415-0E17-4DF0-8B0C-0715610466C1}.Release|x64.Build.0 = Release|x64
		{EE283415-0E17-4DF0-8B0C-0715610466C1}.Release|x86.ActiveCfg = Release|Win32
		{EE283415-0E17-4DF0-8B0C-0715610466C1}.Release|x86.Build.0 = Release|Win32
		{E985BDE5-CFBC-406D-9DAB-1DC1FECEB9F2}.Debug|x64.ActiveCfg = Debug|x64
		{E985BDE5-CFBC-406D-9DAB-1DC1FECEB9F2}.Debug|x64.Build.0 = Debug|x64
		{E985BDE5-CFBC-406D-9DAB-1DC1FECEB9F2}.Debug|x86.ActiveCfg = Debug|Win32
		{E985BDE5-CFBC-406D-9DAB-1DC1FECEB9F2}.Debug|x86.Build.0 = Debug|Win32
		{E985BDE5-CFBC-406D-9DAB-1DC1FECEB9F2}.Release|x64.ActiveCfg = Release|x64
		{E985BDE5-CFBC-406D-9DAB-1DC1FECEB9F2}.Release|x64.Build.0 = Release|x64
		{E985BDE5-CFBC-406D-9DAB-1DC1FECEB9F2}.Release|x86.ActiveCfg = Release|Win32
		{E985BDE5-CFBC-406D-9DAB-1DC1FECEB9F2}.Release|x86.Build.0 = Release|Win32
		{4F2752D5-2E72-41F8-B5A7-1D3FF9AC85CF}.Debug|x64.ActiveCfg = Debug|x64
		{4F2752D5-2E72-41F8-B5A7-1D3FF9AC85CF}.Debug|x64.Build.0 = Debug|x64
		{4F2752D5-2E72-41F8-B5A7-1D3FF9AC85CF}.Debug|x86.ActiveCfg = Debug|Win32
		{4F2752D5-2E72-41F8-B5A7-1D3FF9AC85CF}.Debug|x86.Build.0 = Debug|Win32
		{4F2752D5-2E72-41F8-B5A7-1D3FF9AC85CF}.Release|x64.ActiveCfg = Release|x64
		{4F2752D5-2E72-41F8-B5A7-1D3FF9AC85CF}.Release|x64.Build.0 = Release|x64
		{4F2752D5-2E72-41F8-B5A7-1D3FF9AC85CF}.Release|x86.ActiveCfg = Release|Win32
		{4F2752D5-2E72-41F8-B5A7-1D3FF9AC85CF}.Release|x86.Build.0 = Release|Win32
		{C4876DB0-F37A-49A5-BDF7-C0E0E3C649AE}.Debug|x64.ActiveCfg = Debug|x64
		{C4876DB0-F37A-49A5-BDF7-C0E0E3C649AE}.Debug|x64.Build.0 = Debug|x64
		{C4876DB0-F37A-49A5-BDF7-C0E0E3C649AE}.Debug|x86.ActiveCfg = Debug|Win32
		{C4876DB0-F37A-49A5-BDF7-C0E0E3C649AE}.Debug|x86.Build.0 = Debug|Win32
		{C4876DB0-F37A-49A5-BDF7-C0E0E3C649AE}.Release|x64.ActiveCfg = Release|x64
		{C4876DB0-F37A-49A5-BDF7-C0E0E3C649AE}.Release|x64.Build.0 = Release|x64
		{C4876DB0-F37A-49A5-BDF7-C0E0E3C649AE}.Release|x86.ActiveCfg = Release|Win32
		{C4876DB0-F37A-49A5-BDF7-C0E0E3C649AE}.Release|x86.Build.0 = Release|Win32
		{C6BD804E-9BED-4AB8-8C0B-5C20E9B70E72}.Debug|x64.ActiveCfg = Debug|x64
		{C6BD804E-9BED-4AB8-8C0B-5C20E9B70E72}.Debug|x64.Build.0 = Debug|x64
		{C6BD804E-9BED-4AB8-8C0B-5C20E9B70E72}.Debug|x86.ActiveCfg = Debug|Win32
		{C6BD804E-9BED-4AB8-8C0B-5C20E9B70E72}.Debug|x86.Build.0 = Debug|Win32
		{C6BD804E-9BED-4AB8-8C0B-5C20E9B70E72}.Release|x64.ActiveCfg = Release|x64
		{C6BD804E-9BED-4AB8-8C0B-5C20E9B70E72}.Release|x64.Build.0 = Release|x64
		{C6BD804E-9BED-4AB8-8C0B-5C20E9B70E72}.Release|x86.ActiveCfg = Release|Win32
		{C6BD804E-9BED-4AB8-8C0B-5C20E9B70E72}.Release|x86.Build.0 = Release|Win32
	EndGlobalSection
	GlobalSection(SolutionProperties) = preSolution
		HideSolutionNode = FALSE
	EndGlobalSection
EndGlobal
