
Microsoft Visual Studio Solution File, Format Version 12.00
# Visual Studio 14
VisualStudioVersion = 14.0.25420.1
MinimumVisualStudioVersion = 10.0.40219.1
Project("{8BC9CEB8-8B4A-11D0-8D11-00A0C91BC942}") = "치즈도둑", "치즈도둑\치즈도둑.vcxproj", "{08E445A6-D391-4E90-88DB-9630A13EEF8F}"
EndProject
Project("{8BC9CEB8-8B4A-11D0-8D11-00A0C91BC942}") = "나무깎는홍준", "나무깎는홍준\나무깎는홍준.vcxproj", "{837AC702-1AE6-4020-8EB0-0CE26EB4E138}"
EndProject
Project("{8BC9CEB8-8B4A-11D0-8D11-00A0C91BC942}") = "퀴즈", "퀴즈\퀴즈.vcxproj", "{7FCDBE98-ECA6-4526-B4D9-D0A97AEED673}"
EndProject
Project("{8BC9CEB8-8B4A-11D0-8D11-00A0C91BC942}") = "운동", "운동\운동.vcxproj", "{D6FFF5BD-1A03-4B0B-AEDB-F12DDC86EEAE}"
EndProject
Project("{8BC9CEB8-8B4A-11D0-8D11-00A0C91BC942}") = "팰린드롬", "팰린드롬\팰린드롬.vcxproj", "{CF05AC53-EAA1-40EC-AFA2-A0B1136B99A5}"
EndProject
Project("{8BC9CEB8-8B4A-11D0-8D11-00A0C91BC942}") = "올해의조련사", "올해의조련사\올해의조련사.vcxproj", "{B5DA568B-36CC-4346-953E-6A46118FE4BF}"
EndProject
Project("{8BC9CEB8-8B4A-11D0-8D11-00A0C91BC942}") = "홀수피라미드", "홀수피라미드\홀수피라미드.vcxproj", "{E79F7B34-ACC3-4E08-B582-65D28CFCC92B}"
EndProject
Project("{8BC9CEB8-8B4A-11D0-8D11-00A0C91BC942}") = "폭탄감식반", "폭탄감식반\폭탄감식반.vcxproj", "{2660580D-5BDE-401F-9CA7-F79F29F1DBE2}"
EndProject
Project("{8BC9CEB8-8B4A-11D0-8D11-00A0C91BC942}") = "영양사수정", "영양사수정\영양사수정.vcxproj", "{FD0D2B21-538C-4FD8-8519-8C7E8BAA6198}"
EndProject
Project("{8BC9CEB8-8B4A-11D0-8D11-00A0C91BC942}") = "내전경기", "내전경기\내전경기.vcxproj", "{A76F82CD-20D9-4373-AEB5-6A970204F02F}"
EndProject
Project("{8BC9CEB8-8B4A-11D0-8D11-00A0C91BC942}") = "줄세우기", "줄세우기\줄세우기.vcxproj", "{E3F4CC8E-7663-49B0-BAB5-B9C66BF377BA}"
EndProject
Project("{8BC9CEB8-8B4A-11D0-8D11-00A0C91BC942}") = "수지의수지맞는여행", "수지의수지맞는여행\수지의수지맞는여행.vcxproj", "{20E694CA-9CDA-4183-AC1E-B71B9C8F53B3}"
EndProject
Project("{8BC9CEB8-8B4A-11D0-8D11-00A0C91BC942}") = "염라대왕의이름정렬", "염라대왕의이름정렬\염라대왕의이름정렬.vcxproj", "{007BB51F-1E1C-4CC3-9BAF-4F2D4EE49407}"
EndProject
Project("{8BC9CEB8-8B4A-11D0-8D11-00A0C91BC942}") = "혁진이의프로그램검증", "혁진이의프로그램검증\혁진이의프로그램검증.vcxproj", "{EE283415-0E17-4DF0-8B0C-0715610466C1}"
EndProject
Project("{8BC9CEB8-8B4A-11D0-8D11-00A0C91BC942}") = "우편함", "우편함\우편함.vcxproj", "{E985BDE5-CFBC-406D-9DAB-1DC1FECEB9F2}"
EndProject
Project("{8BC9CEB8-8B4A-11D0-8D11-00A0C91BC942}") = "만화책정렬하기", "만화책정렬하기\만화책정렬하기.vcxproj", "{4F2752D5-2E72-41F8-B5A7-1D3FF9AC85CF}"
EndProject
Project("{8BC9CEB8-8B4A-11D0-8D11-00A0C91BC942}") = "영이는영이시져시져!", "영이는영이시져시져!\영이는영이시져시져!.vcxproj", "{C4876DB0-F37A-49A5-BDF7-C0E0E3C649AE}"
EndProject
Project("{8BC9CEB8-8B4A-11D0-8D11-00A0C91BC942}") = "블록부품맞추기", "블록부품맞추기\블록부품맞추기.vcxproj", "{C6BD804E-9BED-4AB8-8C0B-5C20E9B70E72}"
EndProject
Project("{8BC9CEB8-8B4A-11D0-8D11-00A0C91BC942}") = "linkedlist", "linkedlist\linkedlist.vcxproj", "{BD7D1617-51E2-40B3-87BD-EAA19AD2571C}"
EndProject
Project("{8BC9CEB8-8B4A-11D0-8D11-00A0C91BC942}") = "숫자선물", "숫자선물\숫자선물.vcxproj", "{C344226B-F42E-4117-9AB1-88CC4F580AB9}"
EndProject
Project("{8BC9CEB8-8B4A-11D0-8D11-00A0C91BC942}") = "스택장인", "스택장인\스택장인.vcxproj", "{80835749-7A79-4610-B25A-0A808B2DD369}"
EndProject
Project("{8BC9CEB8-8B4A-11D0-8D11-00A0C91BC942}") = "덕환이의카드뽑기", "덕환이의카드뽑기\덕환이의카드뽑기.vcxproj", "{9576FEF3-8D8E-4DE2-BBB0-B45CD80DB0D3}"
EndProject
Project("{8BC9CEB8-8B4A-11D0-8D11-00A0C91BC942}") = "인터벌커버", "인터벌커버\인터벌커버.vcxproj", "{FBA2B5AA-67BD-4F56-BA9B-8BD164B94A9B}"
EndProject
Project("{8BC9CEB8-8B4A-11D0-8D11-00A0C91BC942}") = "정ㅋ벅ㅋ", "정ㅋ벅ㅋ\정ㅋ벅ㅋ.vcxproj", "{B79ACF4C-72C5-4C39-BDDD-B9277E990B9B}"
EndProject
Project("{8BC9CEB8-8B4A-11D0-8D11-00A0C91BC942}") = "최적경로", "최적경로\최적경로.vcxproj", "{5124B51C-53B0-4419-A8A4-A1D8F74EA1F1}"
EndProject
Project("{8BC9CEB8-8B4A-11D0-8D11-00A0C91BC942}") = "합과곱", "합과곱\합과곱.vcxproj", "{8DE35E44-C11A-40AD-AB90-D3DABBFBC01E}"
EndProject
Project("{8BC9CEB8-8B4A-11D0-8D11-00A0C91BC942}") = "다익스트라", "다익스트라\다익스트라.vcxproj", "{4EBF458B-1036-4056-9D15-7F516978A51F}"
EndProject
Project("{8BC9CEB8-8B4A-11D0-8D11-00A0C91BC942}") = "롤러코스터", "롤러코스터\롤러코스터.vcxproj", "{A9FA743D-4FA6-4627-BBEE-C1549E35EA95}"
EndProject
Project("{8BC9CEB8-8B4A-11D0-8D11-00A0C91BC942}") = "그래도수명이절반이되어서는", "그래도수명이절반이되어서는\그래도수명이절반이되어서는.vcxproj", "{F75A9A17-196F-4A2C-A2D6-CBD82551EF5B}"
EndProject
Project("{8BC9CEB8-8B4A-11D0-8D11-00A0C91BC942}") = "평등주의", "평등주의\평등주의.vcxproj", "{E18DDA9C-1EE6-4CD4-AEFD-4BF86159A7F1}"
EndProject
Project("{8BC9CEB8-8B4A-11D0-8D11-00A0C91BC942}") = "롤러코스터2", "롤러코스터2\롤러코스터2.vcxproj", "{799103F9-8EDA-4C7B-8929-DF02D4459869}"
EndProject
Project("{8BC9CEB8-8B4A-11D0-8D11-00A0C91BC942}") = "게리멘더링", "게리멘더링\게리멘더링.vcxproj", "{E5269C65-89E6-49D2-BA0B-D64400E3657B}"
EndProject
Project("{8BC9CEB8-8B4A-11D0-8D11-00A0C91BC942}") = "database", "연락처 database\연락처 database.vcxproj", "{575D790A-8958-4A7A-B87E-67408709B911}"
EndProject
Project("{8BC9CEB8-8B4A-11D0-8D11-00A0C91BC942}") = "test", "test\test.vcxproj", "{2DDD74DA-3B2B-4BCF-96C9-A8FAC0273AFA}"
EndProject
Project("{8BC9CEB8-8B4A-11D0-8D11-00A0C91BC942}") = "hello", "hello\hello.vcxproj", "{75F2A337-BA48-4EE8-9395-6289CE5C9B9F}"
EndProject
Project("{8BC9CEB8-8B4A-11D0-8D11-00A0C91BC942}") = "모래성", "모래성\모래성.vcxproj", "{D991DAC7-887A-4CD1-86A4-D88803C6EC27}"
EndProject
Project("{8BC9CEB8-8B4A-11D0-8D11-00A0C91BC942}") = "롤러코스터_2", "롤러코스터_2\롤러코스터_2.vcxproj", "{13AB99BA-51B2-4E5F-948B-1DCEC310B74D}"
EndProject
Project("{8BC9CEB8-8B4A-11D0-8D11-00A0C91BC942}") = "N과 M(9)", "N과 M(9)\N과 M(9).vcxproj", "{5923F5A2-0EF7-4C18-BA8A-7AB54EEBA7A2}"
EndProject
Project("{8BC9CEB8-8B4A-11D0-8D11-00A0C91BC942}") = "계산기1", "계산기1\계산기1.vcxproj", "{7087D48E-0E9C-47F6-AEF8-B9D56261F493}"
EndProject
Project("{8BC9CEB8-8B4A-11D0-8D11-00A0C91BC942}") = "계산기2", "계산기2\계산기2.vcxproj", "{89A73525-D7E6-4EF7-9CF2-3B494710A418}"
EndProject
Project("{8BC9CEB8-8B4A-11D0-8D11-00A0C91BC942}") = "계산기3", "계산기3\계산기3.vcxproj", "{1605B39E-DBF8-4BD5-88BA-AD590292969E}"
EndProject
Project("{8BC9CEB8-8B4A-11D0-8D11-00A0C91BC942}") = "길찾기", "길찾기\길찾기.vcxproj", "{A59608F0-8FBF-4DE6-8FE8-15174F0949EB}"
EndProject
Project("{8BC9CEB8-8B4A-11D0-8D11-00A0C91BC942}") = "그래도수명이절반이되어서는2", "그래도수명이절반이되어서는2\그래도수명이절반이되어서는2.vcxproj", "{938BC66C-1599-4C3C-808C-8C48B01D31DE}"
EndProject
Project("{8BC9CEB8-8B4A-11D0-8D11-00A0C91BC942}") = "평등주의2", "평등주의2\평등주의2.vcxproj", "{7A2B0414-FA0A-4A57-B054-5C909A667E5B}"
EndProject
Project("{8BC9CEB8-8B4A-11D0-8D11-00A0C91BC942}") = "해시", "해시\해시.vcxproj", "{32D32F9D-F791-446C-810D-27FEA274A4DE}"
EndProject
Project("{8BC9CEB8-8B4A-11D0-8D11-00A0C91BC942}") = "단어가등장하는횟수", "단어가등장하는횟수\단어가등장하는횟수.vcxproj", "{B10ADD46-B1AF-406A-B164-9EB8CC744218}"
EndProject
Project("{8BC9CEB8-8B4A-11D0-8D11-00A0C91BC942}") = "N과M(1)", "N과M(1)\N과M(1).vcxproj", "{E2D114A1-8BDA-41FD-B615-9E4475292806}"
EndProject
Project("{8BC9CEB8-8B4A-11D0-8D11-00A0C91BC942}") = "N과M(2)", "N과M(2)\N과M(2).vcxproj", "{29FA9040-5D23-4F3C-981F-8E8FCD3C27EB}"
EndProject
Project("{8BC9CEB8-8B4A-11D0-8D11-00A0C91BC942}") = "N과M(3)", "N과M(3)\N과M(3).vcxproj", "{349E6A3E-5ED6-4255-81EA-72243E0168E7}"
EndProject
Project("{8BC9CEB8-8B4A-11D0-8D11-00A0C91BC942}") = "N과M(4)", "N과M(4)\N과M(4).vcxproj", "{DA2E4C73-6825-4E28-BD9B-67BE97A66532}"
EndProject
Project("{8BC9CEB8-8B4A-11D0-8D11-00A0C91BC942}") = "N과M(5)", "N과M(5)\N과M(5).vcxproj", "{2D4DCBD5-1D5E-4616-B029-135AB2CA755C}"
EndProject
Global
	GlobalSection(SolutionConfigurationPlatforms) = preSolution
		Debug|x64 = Debug|x64
		Debug|x86 = Debug|x86
		Release|x64 = Release|x64
		Release|x86 = Release|x86
	EndGlobalSection
	GlobalSection(ProjectConfigurationPlatforms) = postSolution
		{08E445A6-D391-4E90-88DB-9630A13EEF8F}.Debug|x64.ActiveCfg = Debug|x64
		{08E445A6-D391-4E90-88DB-9630A13EEF8F}.Debug|x64.Build.0 = Debug|x64
		{08E445A6-D391-4E90-88DB-9630A13EEF8F}.Debug|x86.ActiveCfg = Debug|Win32
		{08E445A6-D391-4E90-88DB-9630A13EEF8F}.Debug|x86.Build.0 = Debug|Win32
		{08E445A6-D391-4E90-88DB-9630A13EEF8F}.Release|x64.ActiveCfg = Release|x64
		{08E445A6-D391-4E90-88DB-9630A13EEF8F}.Release|x64.Build.0 = Release|x64
		{08E445A6-D391-4E90-88DB-9630A13EEF8F}.Release|x86.ActiveCfg = Release|Win32
		{08E445A6-D391-4E90-88DB-9630A13EEF8F}.Release|x86.Build.0 = Release|Win32
		{837AC702-1AE6-4020-8EB0-0CE26EB4E138}.Debug|x64.ActiveCfg = Debug|x64
		{837AC702-1AE6-4020-8EB0-0CE26EB4E138}.Debug|x64.Build.0 = Debug|x64
		{837AC702-1AE6-4020-8EB0-0CE26EB4E138}.Debug|x86.ActiveCfg = Debug|Win32
		{837AC702-1AE6-4020-8EB0-0CE26EB4E138}.Debug|x86.Build.0 = Debug|Win32
		{837AC702-1AE6-4020-8EB0-0CE26EB4E138}.Release|x64.ActiveCfg = Release|x64
		{837AC702-1AE6-4020-8EB0-0CE26EB4E138}.Release|x64.Build.0 = Release|x64
		{837AC702-1AE6-4020-8EB0-0CE26EB4E138}.Release|x86.ActiveCfg = Release|Win32
		{837AC702-1AE6-4020-8EB0-0CE26EB4E138}.Release|x86.Build.0 = Release|Win32
		{7FCDBE98-ECA6-4526-B4D9-D0A97AEED673}.Debug|x64.ActiveCfg = Debug|x64
		{7FCDBE98-ECA6-4526-B4D9-D0A97AEED673}.Debug|x64.Build.0 = Debug|x64
		{7FCDBE98-ECA6-4526-B4D9-D0A97AEED673}.Debug|x86.ActiveCfg = Debug|Win32
		{7FCDBE98-ECA6-4526-B4D9-D0A97AEED673}.Debug|x86.Build.0 = Debug|Win32
		{7FCDBE98-ECA6-4526-B4D9-D0A97AEED673}.Release|x64.ActiveCfg = Release|x64
		{7FCDBE98-ECA6-4526-B4D9-D0A97AEED673}.Release|x64.Build.0 = Release|x64
		{7FCDBE98-ECA6-4526-B4D9-D0A97AEED673}.Release|x86.ActiveCfg = Release|Win32
		{7FCDBE98-ECA6-4526-B4D9-D0A97AEED673}.Release|x86.Build.0 = Release|Win32
		{D6FFF5BD-1A03-4B0B-AEDB-F12DDC86EEAE}.Debug|x64.ActiveCfg = Debug|x64
		{D6FFF5BD-1A03-4B0B-AEDB-F12DDC86EEAE}.Debug|x64.Build.0 = Debug|x64
		{D6FFF5BD-1A03-4B0B-AEDB-F12DDC86EEAE}.Debug|x86.ActiveCfg = Debug|Win32
		{D6FFF5BD-1A03-4B0B-AEDB-F12DDC86EEAE}.Debug|x86.Build.0 = Debug|Win32
		{D6FFF5BD-1A03-4B0B-AEDB-F12DDC86EEAE}.Release|x64.ActiveCfg = Release|x64
		{D6FFF5BD-1A03-4B0B-AEDB-F12DDC86EEAE}.Release|x64.Build.0 = Release|x64
		{D6FFF5BD-1A03-4B0B-AEDB-F12DDC86EEAE}.Release|x86.ActiveCfg = Release|Win32
		{D6FFF5BD-1A03-4B0B-AEDB-F12DDC86EEAE}.Release|x86.Build.0 = Release|Win32
		{CF05AC53-EAA1-40EC-AFA2-A0B1136B99A5}.Debug|x64.ActiveCfg = Debug|x64
		{CF05AC53-EAA1-40EC-AFA2-A0B1136B99A5}.Debug|x64.Build.0 = Debug|x64
		{CF05AC53-EAA1-40EC-AFA2-A0B1136B99A5}.Debug|x86.ActiveCfg = Debug|Win32
		{CF05AC53-EAA1-40EC-AFA2-A0B1136B99A5}.Debug|x86.Build.0 = Debug|Win32
		{CF05AC53-EAA1-40EC-AFA2-A0B1136B99A5}.Release|x64.ActiveCfg = Release|x64
		{CF05AC53-EAA1-40EC-AFA2-A0B1136B99A5}.Release|x64.Build.0 = Release|x64
		{CF05AC53-EAA1-40EC-AFA2-A0B1136B99A5}.Release|x86.ActiveCfg = Release|Win32
		{CF05AC53-EAA1-40EC-AFA2-A0B1136B99A5}.Release|x86.Build.0 = Release|Win32
		{B5DA568B-36CC-4346-953E-6A46118FE4BF}.Debug|x64.ActiveCfg = Debug|x64
		{B5DA568B-36CC-4346-953E-6A46118FE4BF}.Debug|x64.Build.0 = Debug|x64
		{B5DA568B-36CC-4346-953E-6A46118FE4BF}.Debug|x86.ActiveCfg = Debug|Win32
		{B5DA568B-36CC-4346-953E-6A46118FE4BF}.Debug|x86.Build.0 = Debug|Win32
		{B5DA568B-36CC-4346-953E-6A46118FE4BF}.Release|x64.ActiveCfg = Release|x64
		{B5DA568B-36CC-4346-953E-6A46118FE4BF}.Release|x64.Build.0 = Release|x64
		{B5DA568B-36CC-4346-953E-6A46118FE4BF}.Release|x86.ActiveCfg = Release|Win32
		{B5DA568B-36CC-4346-953E-6A46118FE4BF}.Release|x86.Build.0 = Release|Win32
		{E79F7B34-ACC3-4E08-B582-65D28CFCC92B}.Debug|x64.ActiveCfg = Debug|x64
		{E79F7B34-ACC3-4E08-B582-65D28CFCC92B}.Debug|x64.Build.0 = Debug|x64
		{E79F7B34-ACC3-4E08-B582-65D28CFCC92B}.Debug|x86.ActiveCfg = Debug|Win32
		{E79F7B34-ACC3-4E08-B582-65D28CFCC92B}.Debug|x86.Build.0 = Debug|Win32
		{E79F7B34-ACC3-4E08-B582-65D28CFCC92B}.Release|x64.ActiveCfg = Release|x64
		{E79F7B34-ACC3-4E08-B582-65D28CFCC92B}.Release|x64.Build.0 = Release|x64
		{E79F7B34-ACC3-4E08-B582-65D28CFCC92B}.Release|x86.ActiveCfg = Release|Win32
		{E79F7B34-ACC3-4E08-B582-65D28CFCC92B}.Release|x86.Build.0 = Release|Win32
		{2660580D-5BDE-401F-9CA7-F79F29F1DBE2}.Debug|x64.ActiveCfg = Debug|x64
		{2660580D-5BDE-401F-9CA7-F79F29F1DBE2}.Debug|x64.Build.0 = Debug|x64
		{2660580D-5BDE-401F-9CA7-F79F29F1DBE2}.Debug|x86.ActiveCfg = Debug|Win32
		{2660580D-5BDE-401F-9CA7-F79F29F1DBE2}.Debug|x86.Build.0 = Debug|Win32
		{2660580D-5BDE-401F-9CA7-F79F29F1DBE2}.Release|x64.ActiveCfg = Release|x64
		{2660580D-5BDE-401F-9CA7-F79F29F1DBE2}.Release|x64.Build.0 = Release|x64
		{2660580D-5BDE-401F-9CA7-F79F29F1DBE2}.Release|x86.ActiveCfg = Release|Win32
		{2660580D-5BDE-401F-9CA7-F79F29F1DBE2}.Release|x86.Build.0 = Release|Win32
		{FD0D2B21-538C-4FD8-8519-8C7E8BAA6198}.Debug|x64.ActiveCfg = Debug|x64
		{FD0D2B21-538C-4FD8-8519-8C7E8BAA6198}.Debug|x64.Build.0 = Debug|x64
		{FD0D2B21-538C-4FD8-8519-8C7E8BAA6198}.Debug|x86.ActiveCfg = Debug|Win32
		{FD0D2B21-538C-4FD8-8519-8C7E8BAA6198}.Debug|x86.Build.0 = Debug|Win32
		{FD0D2B21-538C-4FD8-8519-8C7E8BAA6198}.Release|x64.ActiveCfg = Release|x64
		{FD0D2B21-538C-4FD8-8519-8C7E8BAA6198}.Release|x64.Build.0 = Release|x64
		{FD0D2B21-538C-4FD8-8519-8C7E8BAA6198}.Release|x86.ActiveCfg = Release|Win32
		{FD0D2B21-538C-4FD8-8519-8C7E8BAA6198}.Release|x86.Build.0 = Release|Win32
		{A76F82CD-20D9-4373-AEB5-6A970204F02F}.Debug|x64.ActiveCfg = Debug|x64
		{A76F82CD-20D9-4373-AEB5-6A970204F02F}.Debug|x64.Build.0 = Debug|x64
		{A76F82CD-20D9-4373-AEB5-6A970204F02F}.Debug|x86.ActiveCfg = Debug|Win32
		{A76F82CD-20D9-4373-AEB5-6A970204F02F}.Debug|x86.Build.0 = Debug|Win32
		{A76F82CD-20D9-4373-AEB5-6A970204F02F}.Release|x64.ActiveCfg = Release|x64
		{A76F82CD-20D9-4373-AEB5-6A970204F02F}.Release|x64.Build.0 = Release|x64
		{A76F82CD-20D9-4373-AEB5-6A970204F02F}.Release|x86.ActiveCfg = Release|Win32
		{A76F82CD-20D9-4373-AEB5-6A970204F02F}.Release|x86.Build.0 = Release|Win32
		{E3F4CC8E-7663-49B0-BAB5-B9C66BF377BA}.Debug|x64.ActiveCfg = Debug|x64
		{E3F4CC8E-7663-49B0-BAB5-B9C66BF377BA}.Debug|x64.Build.0 = Debug|x64
		{E3F4CC8E-7663-49B0-BAB5-B9C66BF377BA}.Debug|x86.ActiveCfg = Debug|Win32
		{E3F4CC8E-7663-49B0-BAB5-B9C66BF377BA}.Debug|x86.Build.0 = Debug|Win32
		{E3F4CC8E-7663-49B0-BAB5-B9C66BF377BA}.Release|x64.ActiveCfg = Release|x64
		{E3F4CC8E-7663-49B0-BAB5-B9C66BF377BA}.Release|x64.Build.0 = Release|x64
		{E3F4CC8E-7663-49B0-BAB5-B9C66BF377BA}.Release|x86.ActiveCfg = Release|Win32
		{E3F4CC8E-7663-49B0-BAB5-B9C66BF377BA}.Release|x86.Build.0 = Release|Win32
		{20E694CA-9CDA-4183-AC1E-B71B9C8F53B3}.Debug|x64.ActiveCfg = Debug|x64
		{20E694CA-9CDA-4183-AC1E-B71B9C8F53B3}.Debug|x64.Build.0 = Debug|x64
		{20E694CA-9CDA-4183-AC1E-B71B9C8F53B3}.Debug|x86.ActiveCfg = Debug|Win32
		{20E694CA-9CDA-4183-AC1E-B71B9C8F53B3}.Debug|x86.Build.0 = Debug|Win32
		{20E694CA-9CDA-4183-AC1E-B71B9C8F53B3}.Release|x64.ActiveCfg = Release|x64
		{20E694CA-9CDA-4183-AC1E-B71B9C8F53B3}.Release|x64.Build.0 = Release|x64
		{20E694CA-9CDA-4183-AC1E-B71B9C8F53B3}.Release|x86.ActiveCfg = Release|Win32
		{20E694CA-9CDA-4183-AC1E-B71B9C8F53B3}.Release|x86.Build.0 = Release|Win32
		{007BB51F-1E1C-4CC3-9BAF-4F2D4EE49407}.Debug|x64.ActiveCfg = Debug|x64
		{007BB51F-1E1C-4CC3-9BAF-4F2D4EE49407}.Debug|x64.Build.0 = Debug|x64
		{007BB51F-1E1C-4CC3-9BAF-4F2D4EE49407}.Debug|x86.ActiveCfg = Debug|Win32
		{007BB51F-1E1C-4CC3-9BAF-4F2D4EE49407}.Debug|x86.Build.0 = Debug|Win32
		{007BB51F-1E1C-4CC3-9BAF-4F2D4EE49407}.Release|x64.ActiveCfg = Release|x64
		{007BB51F-1E1C-4CC3-9BAF-4F2D4EE49407}.Release|x64.Build.0 = Release|x64
		{007BB51F-1E1C-4CC3-9BAF-4F2D4EE49407}.Release|x86.ActiveCfg = Release|Win32
		{007BB51F-1E1C-4CC3-9BAF-4F2D4EE49407}.Release|x86.Build.0 = Release|Win32
		{EE283415-0E17-4DF0-8B0C-0715610466C1}.Debug|x64.ActiveCfg = Debug|x64
		{EE283415-0E17-4DF0-8B0C-0715610466C1}.Debug|x64.Build.0 = Debug|x64
		{EE283415-0E17-4DF0-8B0C-0715610466C1}.Debug|x86.ActiveCfg = Debug|Win32
		{EE283415-0E17-4DF0-8B0C-0715610466C1}.Debug|x86.Build.0 = Debug|Win32
		{EE283415-0E17-4DF0-8B0C-0715610466C1}.Release|x64.ActiveCfg = Release|x64
		{EE283415-0E17-4DF0-8B0C-0715610466C1}.Release|x64.Build.0 = Release|x64
		{EE283415-0E17-4DF0-8B0C-0715610466C1}.Release|x86.ActiveCfg = Release|Win32
		{EE283415-0E17-4DF0-8B0C-0715610466C1}.Release|x86.Build.0 = Release|Win32
		{E985BDE5-CFBC-406D-9DAB-1DC1FECEB9F2}.Debug|x64.ActiveCfg = Debug|x64
		{E985BDE5-CFBC-406D-9DAB-1DC1FECEB9F2}.Debug|x64.Build.0 = Debug|x64
		{E985BDE5-CFBC-406D-9DAB-1DC1FECEB9F2}.Debug|x86.ActiveCfg = Debug|Win32
		{E985BDE5-CFBC-406D-9DAB-1DC1FECEB9F2}.Debug|x86.Build.0 = Debug|Win32
		{E985BDE5-CFBC-406D-9DAB-1DC1FECEB9F2}.Release|x64.ActiveCfg = Release|x64
		{E985BDE5-CFBC-406D-9DAB-1DC1FECEB9F2}.Release|x64.Build.0 = Release|x64
		{E985BDE5-CFBC-406D-9DAB-1DC1FECEB9F2}.Release|x86.ActiveCfg = Release|Win32
		{E985BDE5-CFBC-406D-9DAB-1DC1FECEB9F2}.Release|x86.Build.0 = Release|Win32
		{4F2752D5-2E72-41F8-B5A7-1D3FF9AC85CF}.Debug|x64.ActiveCfg = Debug|x64
		{4F2752D5-2E72-41F8-B5A7-1D3FF9AC85CF}.Debug|x64.Build.0 = Debug|x64
		{4F2752D5-2E72-41F8-B5A7-1D3FF9AC85CF}.Debug|x86.ActiveCfg = Debug|Win32
		{4F2752D5-2E72-41F8-B5A7-1D3FF9AC85CF}.Debug|x86.Build.0 = Debug|Win32
		{4F2752D5-2E72-41F8-B5A7-1D3FF9AC85CF}.Release|x64.ActiveCfg = Release|x64
		{4F2752D5-2E72-41F8-B5A7-1D3FF9AC85CF}.Release|x64.Build.0 = Release|x64
		{4F2752D5-2E72-41F8-B5A7-1D3FF9AC85CF}.Release|x86.ActiveCfg = Release|Win32
		{4F2752D5-2E72-41F8-B5A7-1D3FF9AC85CF}.Release|x86.Build.0 = Release|Win32
		{C4876DB0-F37A-49A5-BDF7-C0E0E3C649AE}.Debug|x64.ActiveCfg = Debug|x64
		{C4876DB0-F37A-49A5-BDF7-C0E0E3C649AE}.Debug|x64.Build.0 = Debug|x64
		{C4876DB0-F37A-49A5-BDF7-C0E0E3C649AE}.Debug|x86.ActiveCfg = Debug|Win32
		{C4876DB0-F37A-49A5-BDF7-C0E0E3C649AE}.Debug|x86.Build.0 = Debug|Win32
		{C4876DB0-F37A-49A5-BDF7-C0E0E3C649AE}.Release|x64.ActiveCfg = Release|x64
		{C4876DB0-F37A-49A5-BDF7-C0E0E3C649AE}.Release|x64.Build.0 = Release|x64
		{C4876DB0-F37A-49A5-BDF7-C0E0E3C649AE}.Release|x86.ActiveCfg = Release|Win32
		{C4876DB0-F37A-49A5-BDF7-C0E0E3C649AE}.Release|x86.Build.0 = Release|Win32
		{C6BD804E-9BED-4AB8-8C0B-5C20E9B70E72}.Debug|x64.ActiveCfg = Debug|x64
		{C6BD804E-9BED-4AB8-8C0B-5C20E9B70E72}.Debug|x64.Build.0 = Debug|x64
		{C6BD804E-9BED-4AB8-8C0B-5C20E9B70E72}.Debug|x86.ActiveCfg = Debug|Win32
		{C6BD804E-9BED-4AB8-8C0B-5C20E9B70E72}.Debug|x86.Build.0 = Debug|Win32
		{C6BD804E-9BED-4AB8-8C0B-5C20E9B70E72}.Release|x64.ActiveCfg = Release|x64
		{C6BD804E-9BED-4AB8-8C0B-5C20E9B70E72}.Release|x64.Build.0 = Release|x64
		{C6BD804E-9BED-4AB8-8C0B-5C20E9B70E72}.Release|x86.ActiveCfg = Release|Win32
		{C6BD804E-9BED-4AB8-8C0B-5C20E9B70E72}.Release|x86.Build.0 = Release|Win32
		{BD7D1617-51E2-40B3-87BD-EAA19AD2571C}.Debug|x64.ActiveCfg = Debug|x64
		{BD7D1617-51E2-40B3-87BD-EAA19AD2571C}.Debug|x64.Build.0 = Debug|x64
		{BD7D1617-51E2-40B3-87BD-EAA19AD2571C}.Debug|x86.ActiveCfg = Debug|Win32
		{BD7D1617-51E2-40B3-87BD-EAA19AD2571C}.Debug|x86.Build.0 = Debug|Win32
		{BD7D1617-51E2-40B3-87BD-EAA19AD2571C}.Release|x64.ActiveCfg = Release|x64
		{BD7D1617-51E2-40B3-87BD-EAA19AD2571C}.Release|x64.Build.0 = Release|x64
		{BD7D1617-51E2-40B3-87BD-EAA19AD2571C}.Release|x86.ActiveCfg = Release|Win32
		{BD7D1617-51E2-40B3-87BD-EAA19AD2571C}.Release|x86.Build.0 = Release|Win32
		{C344226B-F42E-4117-9AB1-88CC4F580AB9}.Debug|x64.ActiveCfg = Debug|x64
		{C344226B-F42E-4117-9AB1-88CC4F580AB9}.Debug|x64.Build.0 = Debug|x64
		{C344226B-F42E-4117-9AB1-88CC4F580AB9}.Debug|x86.ActiveCfg = Debug|Win32
		{C344226B-F42E-4117-9AB1-88CC4F580AB9}.Debug|x86.Build.0 = Debug|Win32
		{C344226B-F42E-4117-9AB1-88CC4F580AB9}.Release|x64.ActiveCfg = Release|x64
		{C344226B-F42E-4117-9AB1-88CC4F580AB9}.Release|x64.Build.0 = Release|x64
		{C344226B-F42E-4117-9AB1-88CC4F580AB9}.Release|x86.ActiveCfg = Release|Win32
		{C344226B-F42E-4117-9AB1-88CC4F580AB9}.Release|x86.Build.0 = Release|Win32
		{80835749-7A79-4610-B25A-0A808B2DD369}.Debug|x64.ActiveCfg = Debug|x64
		{80835749-7A79-4610-B25A-0A808B2DD369}.Debug|x64.Build.0 = Debug|x64
		{80835749-7A79-4610-B25A-0A808B2DD369}.Debug|x86.ActiveCfg = Debug|Win32
		{80835749-7A79-4610-B25A-0A808B2DD369}.Debug|x86.Build.0 = Debug|Win32
		{80835749-7A79-4610-B25A-0A808B2DD369}.Release|x64.ActiveCfg = Release|x64
		{80835749-7A79-4610-B25A-0A808B2DD369}.Release|x64.Build.0 = Release|x64
		{80835749-7A79-4610-B25A-0A808B2DD369}.Release|x86.ActiveCfg = Release|Win32
		{80835749-7A79-4610-B25A-0A808B2DD369}.Release|x86.Build.0 = Release|Win32
		{9576FEF3-8D8E-4DE2-BBB0-B45CD80DB0D3}.Debug|x64.ActiveCfg = Debug|x64
		{9576FEF3-8D8E-4DE2-BBB0-B45CD80DB0D3}.Debug|x64.Build.0 = Debug|x64
		{9576FEF3-8D8E-4DE2-BBB0-B45CD80DB0D3}.Debug|x86.ActiveCfg = Debug|Win32
		{9576FEF3-8D8E-4DE2-BBB0-B45CD80DB0D3}.Debug|x86.Build.0 = Debug|Win32
		{9576FEF3-8D8E-4DE2-BBB0-B45CD80DB0D3}.Release|x64.ActiveCfg = Release|x64
		{9576FEF3-8D8E-4DE2-BBB0-B45CD80DB0D3}.Release|x64.Build.0 = Release|x64
		{9576FEF3-8D8E-4DE2-BBB0-B45CD80DB0D3}.Release|x86.ActiveCfg = Release|Win32
		{9576FEF3-8D8E-4DE2-BBB0-B45CD80DB0D3}.Release|x86.Build.0 = Release|Win32
		{FBA2B5AA-67BD-4F56-BA9B-8BD164B94A9B}.Debug|x64.ActiveCfg = Debug|x64
		{FBA2B5AA-67BD-4F56-BA9B-8BD164B94A9B}.Debug|x64.Build.0 = Debug|x64
		{FBA2B5AA-67BD-4F56-BA9B-8BD164B94A9B}.Debug|x86.ActiveCfg = Debug|Win32
		{FBA2B5AA-67BD-4F56-BA9B-8BD164B94A9B}.Debug|x86.Build.0 = Debug|Win32
		{FBA2B5AA-67BD-4F56-BA9B-8BD164B94A9B}.Release|x64.ActiveCfg = Release|x64
		{FBA2B5AA-67BD-4F56-BA9B-8BD164B94A9B}.Release|x64.Build.0 = Release|x64
		{FBA2B5AA-67BD-4F56-BA9B-8BD164B94A9B}.Release|x86.ActiveCfg = Release|Win32
		{FBA2B5AA-67BD-4F56-BA9B-8BD164B94A9B}.Release|x86.Build.0 = Release|Win32
		{B79ACF4C-72C5-4C39-BDDD-B9277E990B9B}.Debug|x64.ActiveCfg = Debug|x64
		{B79ACF4C-72C5-4C39-BDDD-B9277E990B9B}.Debug|x64.Build.0 = Debug|x64
		{B79ACF4C-72C5-4C39-BDDD-B9277E990B9B}.Debug|x86.ActiveCfg = Debug|Win32
		{B79ACF4C-72C5-4C39-BDDD-B9277E990B9B}.Debug|x86.Build.0 = Debug|Win32
		{B79ACF4C-72C5-4C39-BDDD-B9277E990B9B}.Release|x64.ActiveCfg = Release|x64
		{B79ACF4C-72C5-4C39-BDDD-B9277E990B9B}.Release|x64.Build.0 = Release|x64
		{B79ACF4C-72C5-4C39-BDDD-B9277E990B9B}.Release|x86.ActiveCfg = Release|Win32
		{B79ACF4C-72C5-4C39-BDDD-B9277E990B9B}.Release|x86.Build.0 = Release|Win32
		{5124B51C-53B0-4419-A8A4-A1D8F74EA1F1}.Debug|x64.ActiveCfg = Debug|x64
		{5124B51C-53B0-4419-A8A4-A1D8F74EA1F1}.Debug|x64.Build.0 = Debug|x64
		{5124B51C-53B0-4419-A8A4-A1D8F74EA1F1}.Debug|x86.ActiveCfg = Debug|Win32
		{5124B51C-53B0-4419-A8A4-A1D8F74EA1F1}.Debug|x86.Build.0 = Debug|Win32
		{5124B51C-53B0-4419-A8A4-A1D8F74EA1F1}.Release|x64.ActiveCfg = Release|x64
		{5124B51C-53B0-4419-A8A4-A1D8F74EA1F1}.Release|x64.Build.0 = Release|x64
		{5124B51C-53B0-4419-A8A4-A1D8F74EA1F1}.Release|x86.ActiveCfg = Release|Win32
		{5124B51C-53B0-4419-A8A4-A1D8F74EA1F1}.Release|x86.Build.0 = Release|Win32
		{8DE35E44-C11A-40AD-AB90-D3DABBFBC01E}.Debug|x64.ActiveCfg = Debug|x64
		{8DE35E44-C11A-40AD-AB90-D3DABBFBC01E}.Debug|x64.Build.0 = Debug|x64
		{8DE35E44-C11A-40AD-AB90-D3DABBFBC01E}.Debug|x86.ActiveCfg = Debug|Win32
		{8DE35E44-C11A-40AD-AB90-D3DABBFBC01E}.Debug|x86.Build.0 = Debug|Win32
		{8DE35E44-C11A-40AD-AB90-D3DABBFBC01E}.Release|x64.ActiveCfg = Release|x64
		{8DE35E44-C11A-40AD-AB90-D3DABBFBC01E}.Release|x64.Build.0 = Release|x64
		{8DE35E44-C11A-40AD-AB90-D3DABBFBC01E}.Release|x86.ActiveCfg = Release|Win32
		{8DE35E44-C11A-40AD-AB90-D3DABBFBC01E}.Release|x86.Build.0 = Release|Win32
		{4EBF458B-1036-4056-9D15-7F516978A51F}.Debug|x64.ActiveCfg = Debug|x64
		{4EBF458B-1036-4056-9D15-7F516978A51F}.Debug|x64.Build.0 = Debug|x64
		{4EBF458B-1036-4056-9D15-7F516978A51F}.Debug|x86.ActiveCfg = Debug|Win32
		{4EBF458B-1036-4056-9D15-7F516978A51F}.Debug|x86.Build.0 = Debug|Win32
		{4EBF458B-1036-4056-9D15-7F516978A51F}.Release|x64.ActiveCfg = Release|x64
		{4EBF458B-1036-4056-9D15-7F516978A51F}.Release|x64.Build.0 = Release|x64
		{4EBF458B-1036-4056-9D15-7F516978A51F}.Release|x86.ActiveCfg = Release|Win32
		{4EBF458B-1036-4056-9D15-7F516978A51F}.Release|x86.Build.0 = Release|Win32
		{A9FA743D-4FA6-4627-BBEE-C1549E35EA95}.Debug|x64.ActiveCfg = Debug|x64
		{A9FA743D-4FA6-4627-BBEE-C1549E35EA95}.Debug|x64.Build.0 = Debug|x64
		{A9FA743D-4FA6-4627-BBEE-C1549E35EA95}.Debug|x86.ActiveCfg = Debug|Win32
		{A9FA743D-4FA6-4627-BBEE-C1549E35EA95}.Debug|x86.Build.0 = Debug|Win32
		{A9FA743D-4FA6-4627-BBEE-C1549E35EA95}.Release|x64.ActiveCfg = Release|x64
		{A9FA743D-4FA6-4627-BBEE-C1549E35EA95}.Release|x64.Build.0 = Release|x64
		{A9FA743D-4FA6-4627-BBEE-C1549E35EA95}.Release|x86.ActiveCfg = Release|Win32
		{A9FA743D-4FA6-4627-BBEE-C1549E35EA95}.Release|x86.Build.0 = Release|Win32
		{F75A9A17-196F-4A2C-A2D6-CBD82551EF5B}.Debug|x64.ActiveCfg = Debug|x64
		{F75A9A17-196F-4A2C-A2D6-CBD82551EF5B}.Debug|x64.Build.0 = Debug|x64
		{F75A9A17-196F-4A2C-A2D6-CBD82551EF5B}.Debug|x86.ActiveCfg = Debug|Win32
		{F75A9A17-196F-4A2C-A2D6-CBD82551EF5B}.Debug|x86.Build.0 = Debug|Win32
		{F75A9A17-196F-4A2C-A2D6-CBD82551EF5B}.Release|x64.ActiveCfg = Release|x64
		{F75A9A17-196F-4A2C-A2D6-CBD82551EF5B}.Release|x64.Build.0 = Release|x64
		{F75A9A17-196F-4A2C-A2D6-CBD82551EF5B}.Release|x86.ActiveCfg = Release|Win32
		{F75A9A17-196F-4A2C-A2D6-CBD82551EF5B}.Release|x86.Build.0 = Release|Win32
		{E18DDA9C-1EE6-4CD4-AEFD-4BF86159A7F1}.Debug|x64.ActiveCfg = Debug|x64
		{E18DDA9C-1EE6-4CD4-AEFD-4BF86159A7F1}.Debug|x64.Build.0 = Debug|x64
		{E18DDA9C-1EE6-4CD4-AEFD-4BF86159A7F1}.Debug|x86.ActiveCfg = Debug|Win32
		{E18DDA9C-1EE6-4CD4-AEFD-4BF86159A7F1}.Debug|x86.Build.0 = Debug|Win32
		{E18DDA9C-1EE6-4CD4-AEFD-4BF86159A7F1}.Release|x64.ActiveCfg = Release|x64
		{E18DDA9C-1EE6-4CD4-AEFD-4BF86159A7F1}.Release|x64.Build.0 = Release|x64
		{E18DDA9C-1EE6-4CD4-AEFD-4BF86159A7F1}.Release|x86.ActiveCfg = Release|Win32
		{E18DDA9C-1EE6-4CD4-AEFD-4BF86159A7F1}.Release|x86.Build.0 = Release|Win32
		{799103F9-8EDA-4C7B-8929-DF02D4459869}.Debug|x64.ActiveCfg = Debug|x64
		{799103F9-8EDA-4C7B-8929-DF02D4459869}.Debug|x64.Build.0 = Debug|x64
		{799103F9-8EDA-4C7B-8929-DF02D4459869}.Debug|x86.ActiveCfg = Debug|Win32
		{799103F9-8EDA-4C7B-8929-DF02D4459869}.Debug|x86.Build.0 = Debug|Win32
		{799103F9-8EDA-4C7B-8929-DF02D4459869}.Release|x64.ActiveCfg = Release|x64
		{799103F9-8EDA-4C7B-8929-DF02D4459869}.Release|x64.Build.0 = Release|x64
		{799103F9-8EDA-4C7B-8929-DF02D4459869}.Release|x86.ActiveCfg = Release|Win32
		{799103F9-8EDA-4C7B-8929-DF02D4459869}.Release|x86.Build.0 = Release|Win32
		{E5269C65-89E6-49D2-BA0B-D64400E3657B}.Debug|x64.ActiveCfg = Debug|x64
		{E5269C65-89E6-49D2-BA0B-D64400E3657B}.Debug|x64.Build.0 = Debug|x64
		{E5269C65-89E6-49D2-BA0B-D64400E3657B}.Debug|x86.ActiveCfg = Debug|Win32
		{E5269C65-89E6-49D2-BA0B-D64400E3657B}.Debug|x86.Build.0 = Debug|Win32
		{E5269C65-89E6-49D2-BA0B-D64400E3657B}.Release|x64.ActiveCfg = Release|x64
		{E5269C65-89E6-49D2-BA0B-D64400E3657B}.Release|x64.Build.0 = Release|x64
		{E5269C65-89E6-49D2-BA0B-D64400E3657B}.Release|x86.ActiveCfg = Release|Win32
		{E5269C65-89E6-49D2-BA0B-D64400E3657B}.Release|x86.Build.0 = Release|Win32
		{575D790A-8958-4A7A-B87E-67408709B911}.Debug|x64.ActiveCfg = Debug|x64
		{575D790A-8958-4A7A-B87E-67408709B911}.Debug|x64.Build.0 = Debug|x64
		{575D790A-8958-4A7A-B87E-67408709B911}.Debug|x86.ActiveCfg = Debug|Win32
		{575D790A-8958-4A7A-B87E-67408709B911}.Debug|x86.Build.0 = Debug|Win32
		{575D790A-8958-4A7A-B87E-67408709B911}.Release|x64.ActiveCfg = Release|x64
		{575D790A-8958-4A7A-B87E-67408709B911}.Release|x64.Build.0 = Release|x64
		{575D790A-8958-4A7A-B87E-67408709B911}.Release|x86.ActiveCfg = Release|Win32
		{575D790A-8958-4A7A-B87E-67408709B911}.Release|x86.Build.0 = Release|Win32
		{2DDD74DA-3B2B-4BCF-96C9-A8FAC0273AFA}.Debug|x64.ActiveCfg = Debug|x64
		{2DDD74DA-3B2B-4BCF-96C9-A8FAC0273AFA}.Debug|x64.Build.0 = Debug|x64
		{2DDD74DA-3B2B-4BCF-96C9-A8FAC0273AFA}.Debug|x86.ActiveCfg = Debug|Win32
		{2DDD74DA-3B2B-4BCF-96C9-A8FAC0273AFA}.Debug|x86.Build.0 = Debug|Win32
		{2DDD74DA-3B2B-4BCF-96C9-A8FAC0273AFA}.Release|x64.ActiveCfg = Release|x64
		{2DDD74DA-3B2B-4BCF-96C9-A8FAC0273AFA}.Release|x64.Build.0 = Release|x64
		{2DDD74DA-3B2B-4BCF-96C9-A8FAC0273AFA}.Release|x86.ActiveCfg = Release|Win32
		{2DDD74DA-3B2B-4BCF-96C9-A8FAC0273AFA}.Release|x86.Build.0 = Release|Win32
		{75F2A337-BA48-4EE8-9395-6289CE5C9B9F}.Debug|x64.ActiveCfg = Debug|x64
		{75F2A337-BA48-4EE8-9395-6289CE5C9B9F}.Debug|x64.Build.0 = Debug|x64
		{75F2A337-BA48-4EE8-9395-6289CE5C9B9F}.Debug|x86.ActiveCfg = Debug|Win32
		{75F2A337-BA48-4EE8-9395-6289CE5C9B9F}.Debug|x86.Build.0 = Debug|Win32
		{75F2A337-BA48-4EE8-9395-6289CE5C9B9F}.Release|x64.ActiveCfg = Release|x64
		{75F2A337-BA48-4EE8-9395-6289CE5C9B9F}.Release|x64.Build.0 = Release|x64
		{75F2A337-BA48-4EE8-9395-6289CE5C9B9F}.Release|x86.ActiveCfg = Release|Win32
		{75F2A337-BA48-4EE8-9395-6289CE5C9B9F}.Release|x86.Build.0 = Release|Win32
		{D991DAC7-887A-4CD1-86A4-D88803C6EC27}.Debug|x64.ActiveCfg = Debug|x64
		{D991DAC7-887A-4CD1-86A4-D88803C6EC27}.Debug|x64.Build.0 = Debug|x64
		{D991DAC7-887A-4CD1-86A4-D88803C6EC27}.Debug|x86.ActiveCfg = Debug|Win32
		{D991DAC7-887A-4CD1-86A4-D88803C6EC27}.Debug|x86.Build.0 = Debug|Win32
		{D991DAC7-887A-4CD1-86A4-D88803C6EC27}.Release|x64.ActiveCfg = Release|x64
		{D991DAC7-887A-4CD1-86A4-D88803C6EC27}.Release|x64.Build.0 = Release|x64
		{D991DAC7-887A-4CD1-86A4-D88803C6EC27}.Release|x86.ActiveCfg = Release|Win32
		{D991DAC7-887A-4CD1-86A4-D88803C6EC27}.Release|x86.Build.0 = Release|Win32
		{13AB99BA-51B2-4E5F-948B-1DCEC310B74D}.Debug|x64.ActiveCfg = Debug|x64
		{13AB99BA-51B2-4E5F-948B-1DCEC310B74D}.Debug|x64.Build.0 = Debug|x64
		{13AB99BA-51B2-4E5F-948B-1DCEC310B74D}.Debug|x86.ActiveCfg = Debug|Win32
		{13AB99BA-51B2-4E5F-948B-1DCEC310B74D}.Debug|x86.Build.0 = Debug|Win32
		{13AB99BA-51B2-4E5F-948B-1DCEC310B74D}.Release|x64.ActiveCfg = Release|x64
		{13AB99BA-51B2-4E5F-948B-1DCEC310B74D}.Release|x64.Build.0 = Release|x64
		{13AB99BA-51B2-4E5F-948B-1DCEC310B74D}.Release|x86.ActiveCfg = Release|Win32
		{13AB99BA-51B2-4E5F-948B-1DCEC310B74D}.Release|x86.Build.0 = Release|Win32
		{5923F5A2-0EF7-4C18-BA8A-7AB54EEBA7A2}.Debug|x64.ActiveCfg = Debug|x64
		{5923F5A2-0EF7-4C18-BA8A-7AB54EEBA7A2}.Debug|x64.Build.0 = Debug|x64
		{5923F5A2-0EF7-4C18-BA8A-7AB54EEBA7A2}.Debug|x86.ActiveCfg = Debug|Win32
		{5923F5A2-0EF7-4C18-BA8A-7AB54EEBA7A2}.Debug|x86.Build.0 = Debug|Win32
		{5923F5A2-0EF7-4C18-BA8A-7AB54EEBA7A2}.Release|x64.ActiveCfg = Release|x64
		{5923F5A2-0EF7-4C18-BA8A-7AB54EEBA7A2}.Release|x64.Build.0 = Release|x64
		{5923F5A2-0EF7-4C18-BA8A-7AB54EEBA7A2}.Release|x86.ActiveCfg = Release|Win32
		{5923F5A2-0EF7-4C18-BA8A-7AB54EEBA7A2}.Release|x86.Build.0 = Release|Win32
		{7087D48E-0E9C-47F6-AEF8-B9D56261F493}.Debug|x64.ActiveCfg = Debug|x64
		{7087D48E-0E9C-47F6-AEF8-B9D56261F493}.Debug|x64.Build.0 = Debug|x64
		{7087D48E-0E9C-47F6-AEF8-B9D56261F493}.Debug|x86.ActiveCfg = Debug|Win32
		{7087D48E-0E9C-47F6-AEF8-B9D56261F493}.Debug|x86.Build.0 = Debug|Win32
		{7087D48E-0E9C-47F6-AEF8-B9D56261F493}.Release|x64.ActiveCfg = Release|x64
		{7087D48E-0E9C-47F6-AEF8-B9D56261F493}.Release|x64.Build.0 = Release|x64
		{7087D48E-0E9C-47F6-AEF8-B9D56261F493}.Release|x86.ActiveCfg = Release|Win32
		{7087D48E-0E9C-47F6-AEF8-B9D56261F493}.Release|x86.Build.0 = Release|Win32
		{89A73525-D7E6-4EF7-9CF2-3B494710A418}.Debug|x64.ActiveCfg = Debug|x64
		{89A73525-D7E6-4EF7-9CF2-3B494710A418}.Debug|x64.Build.0 = Debug|x64
		{89A73525-D7E6-4EF7-9CF2-3B494710A418}.Debug|x86.ActiveCfg = Debug|Win32
		{89A73525-D7E6-4EF7-9CF2-3B494710A418}.Debug|x86.Build.0 = Debug|Win32
		{89A73525-D7E6-4EF7-9CF2-3B494710A418}.Release|x64.ActiveCfg = Release|x64
		{89A73525-D7E6-4EF7-9CF2-3B494710A418}.Release|x64.Build.0 = Release|x64
		{89A73525-D7E6-4EF7-9CF2-3B494710A418}.Release|x86.ActiveCfg = Release|Win32
		{89A73525-D7E6-4EF7-9CF2-3B494710A418}.Release|x86.Build.0 = Release|Win32
		{1605B39E-DBF8-4BD5-88BA-AD590292969E}.Debug|x64.ActiveCfg = Debug|x64
		{1605B39E-DBF8-4BD5-88BA-AD590292969E}.Debug|x64.Build.0 = Debug|x64
		{1605B39E-DBF8-4BD5-88BA-AD590292969E}.Debug|x86.ActiveCfg = Debug|Win32
		{1605B39E-DBF8-4BD5-88BA-AD590292969E}.Debug|x86.Build.0 = Debug|Win32
		{1605B39E-DBF8-4BD5-88BA-AD590292969E}.Release|x64.ActiveCfg = Release|x64
		{1605B39E-DBF8-4BD5-88BA-AD590292969E}.Release|x64.Build.0 = Release|x64
		{1605B39E-DBF8-4BD5-88BA-AD590292969E}.Release|x86.ActiveCfg = Release|Win32
		{1605B39E-DBF8-4BD5-88BA-AD590292969E}.Release|x86.Build.0 = Release|Win32
		{A59608F0-8FBF-4DE6-8FE8-15174F0949EB}.Debug|x64.ActiveCfg = Debug|x64
		{A59608F0-8FBF-4DE6-8FE8-15174F0949EB}.Debug|x64.Build.0 = Debug|x64
		{A59608F0-8FBF-4DE6-8FE8-15174F0949EB}.Debug|x86.ActiveCfg = Debug|Win32
		{A59608F0-8FBF-4DE6-8FE8-15174F0949EB}.Debug|x86.Build.0 = Debug|Win32
		{A59608F0-8FBF-4DE6-8FE8-15174F0949EB}.Release|x64.ActiveCfg = Release|x64
		{A59608F0-8FBF-4DE6-8FE8-15174F0949EB}.Release|x64.Build.0 = Release|x64
		{A59608F0-8FBF-4DE6-8FE8-15174F0949EB}.Release|x86.ActiveCfg = Release|Win32
		{A59608F0-8FBF-4DE6-8FE8-15174F0949EB}.Release|x86.Build.0 = Release|Win32
		{938BC66C-1599-4C3C-808C-8C48B01D31DE}.Debug|x64.ActiveCfg = Debug|x64
		{938BC66C-1599-4C3C-808C-8C48B01D31DE}.Debug|x64.Build.0 = Debug|x64
		{938BC66C-1599-4C3C-808C-8C48B01D31DE}.Debug|x86.ActiveCfg = Debug|Win32
		{938BC66C-1599-4C3C-808C-8C48B01D31DE}.Debug|x86.Build.0 = Debug|Win32
		{938BC66C-1599-4C3C-808C-8C48B01D31DE}.Release|x64.ActiveCfg = Release|x64
		{938BC66C-1599-4C3C-808C-8C48B01D31DE}.Release|x64.Build.0 = Release|x64
		{938BC66C-1599-4C3C-808C-8C48B01D31DE}.Release|x86.ActiveCfg = Release|Win32
		{938BC66C-1599-4C3C-808C-8C48B01D31DE}.Release|x86.Build.0 = Release|Win32
		{7A2B0414-FA0A-4A57-B054-5C909A667E5B}.Debug|x64.ActiveCfg = Debug|x64
		{7A2B0414-FA0A-4A57-B054-5C909A667E5B}.Debug|x64.Build.0 = Debug|x64
		{7A2B0414-FA0A-4A57-B054-5C909A667E5B}.Debug|x86.ActiveCfg = Debug|Win32
		{7A2B0414-FA0A-4A57-B054-5C909A667E5B}.Debug|x86.Build.0 = Debug|Win32
		{7A2B0414-FA0A-4A57-B054-5C909A667E5B}.Release|x64.ActiveCfg = Release|x64
		{7A2B0414-FA0A-4A57-B054-5C909A667E5B}.Release|x64.Build.0 = Release|x64
		{7A2B0414-FA0A-4A57-B054-5C909A667E5B}.Release|x86.ActiveCfg = Release|Win32
		{7A2B0414-FA0A-4A57-B054-5C909A667E5B}.Release|x86.Build.0 = Release|Win32
		{32D32F9D-F791-446C-810D-27FEA274A4DE}.Debug|x64.ActiveCfg = Debug|x64
		{32D32F9D-F791-446C-810D-27FEA274A4DE}.Debug|x64.Build.0 = Debug|x64
		{32D32F9D-F791-446C-810D-27FEA274A4DE}.Debug|x86.ActiveCfg = Debug|Win32
		{32D32F9D-F791-446C-810D-27FEA274A4DE}.Debug|x86.Build.0 = Debug|Win32
		{32D32F9D-F791-446C-810D-27FEA274A4DE}.Release|x64.ActiveCfg = Release|x64
		{32D32F9D-F791-446C-810D-27FEA274A4DE}.Release|x64.Build.0 = Release|x64
		{32D32F9D-F791-446C-810D-27FEA274A4DE}.Release|x86.ActiveCfg = Release|Win32
		{32D32F9D-F791-446C-810D-27FEA274A4DE}.Release|x86.Build.0 = Release|Win32
		{B10ADD46-B1AF-406A-B164-9EB8CC744218}.Debug|x64.ActiveCfg = Debug|x64
		{B10ADD46-B1AF-406A-B164-9EB8CC744218}.Debug|x64.Build.0 = Debug|x64
		{B10ADD46-B1AF-406A-B164-9EB8CC744218}.Debug|x86.ActiveCfg = Debug|Win32
		{B10ADD46-B1AF-406A-B164-9EB8CC744218}.Debug|x86.Build.0 = Debug|Win32
		{B10ADD46-B1AF-406A-B164-9EB8CC744218}.Release|x64.ActiveCfg = Release|x64
		{B10ADD46-B1AF-406A-B164-9EB8CC744218}.Release|x64.Build.0 = Release|x64
		{B10ADD46-B1AF-406A-B164-9EB8CC744218}.Release|x86.ActiveCfg = Release|Win32
		{B10ADD46-B1AF-406A-B164-9EB8CC744218}.Release|x86.Build.0 = Release|Win32
		{E2D114A1-8BDA-41FD-B615-9E4475292806}.Debug|x64.ActiveCfg = Debug|x64
		{E2D114A1-8BDA-41FD-B615-9E4475292806}.Debug|x64.Build.0 = Debug|x64
		{E2D114A1-8BDA-41FD-B615-9E4475292806}.Debug|x86.ActiveCfg = Debug|Win32
		{E2D114A1-8BDA-41FD-B615-9E4475292806}.Debug|x86.Build.0 = Debug|Win32
		{E2D114A1-8BDA-41FD-B615-9E4475292806}.Release|x64.ActiveCfg = Release|x64
		{E2D114A1-8BDA-41FD-B615-9E4475292806}.Release|x64.Build.0 = Release|x64
		{E2D114A1-8BDA-41FD-B615-9E4475292806}.Release|x86.ActiveCfg = Release|Win32
		{E2D114A1-8BDA-41FD-B615-9E4475292806}.Release|x86.Build.0 = Release|Win32
		{29FA9040-5D23-4F3C-981F-8E8FCD3C27EB}.Debug|x64.ActiveCfg = Debug|x64
		{29FA9040-5D23-4F3C-981F-8E8FCD3C27EB}.Debug|x64.Build.0 = Debug|x64
		{29FA9040-5D23-4F3C-981F-8E8FCD3C27EB}.Debug|x86.ActiveCfg = Debug|Win32
		{29FA9040-5D23-4F3C-981F-8E8FCD3C27EB}.Debug|x86.Build.0 = Debug|Win32
		{29FA9040-5D23-4F3C-981F-8E8FCD3C27EB}.Release|x64.ActiveCfg = Release|x64
		{29FA9040-5D23-4F3C-981F-8E8FCD3C27EB}.Release|x64.Build.0 = Release|x64
		{29FA9040-5D23-4F3C-981F-8E8FCD3C27EB}.Release|x86.ActiveCfg = Release|Win32
		{29FA9040-5D23-4F3C-981F-8E8FCD3C27EB}.Release|x86.Build.0 = Release|Win32
		{349E6A3E-5ED6-4255-81EA-72243E0168E7}.Debug|x64.ActiveCfg = Debug|x64
		{349E6A3E-5ED6-4255-81EA-72243E0168E7}.Debug|x64.Build.0 = Debug|x64
		{349E6A3E-5ED6-4255-81EA-72243E0168E7}.Debug|x86.ActiveCfg = Debug|Win32
		{349E6A3E-5ED6-4255-81EA-72243E0168E7}.Debug|x86.Build.0 = Debug|Win32
		{349E6A3E-5ED6-4255-81EA-72243E0168E7}.Release|x64.ActiveCfg = Release|x64
		{349E6A3E-5ED6-4255-81EA-72243E0168E7}.Release|x64.Build.0 = Release|x64
		{349E6A3E-5ED6-4255-81EA-72243E0168E7}.Release|x86.ActiveCfg = Release|Win32
		{349E6A3E-5ED6-4255-81EA-72243E0168E7}.Release|x86.Build.0 = Release|Win32
		{DA2E4C73-6825-4E28-BD9B-67BE97A66532}.Debug|x64.ActiveCfg = Debug|x64
		{DA2E4C73-6825-4E28-BD9B-67BE97A66532}.Debug|x64.Build.0 = Debug|x64
		{DA2E4C73-6825-4E28-BD9B-67BE97A66532}.Debug|x86.ActiveCfg = Debug|Win32
		{DA2E4C73-6825-4E28-BD9B-67BE97A66532}.Debug|x86.Build.0 = Debug|Win32
		{DA2E4C73-6825-4E28-BD9B-67BE97A66532}.Release|x64.ActiveCfg = Release|x64
		{DA2E4C73-6825-4E28-BD9B-67BE97A66532}.Release|x64.Build.0 = Release|x64
		{DA2E4C73-6825-4E28-BD9B-67BE97A66532}.Release|x86.ActiveCfg = Release|Win32
		{DA2E4C73-6825-4E28-BD9B-67BE97A66532}.Release|x86.Build.0 = Release|Win32
		{2D4DCBD5-1D5E-4616-B029-135AB2CA755C}.Debug|x64.ActiveCfg = Debug|x64
		{2D4DCBD5-1D5E-4616-B029-135AB2CA755C}.Debug|x64.Build.0 = Debug|x64
		{2D4DCBD5-1D5E-4616-B029-135AB2CA755C}.Debug|x86.ActiveCfg = Debug|Win32
		{2D4DCBD5-1D5E-4616-B029-135AB2CA755C}.Debug|x86.Build.0 = Debug|Win32
		{2D4DCBD5-1D5E-4616-B029-135AB2CA755C}.Release|x64.ActiveCfg = Release|x64
		{2D4DCBD5-1D5E-4616-B029-135AB2CA755C}.Release|x64.Build.0 = Release|x64
		{2D4DCBD5-1D5E-4616-B029-135AB2CA755C}.Release|x86.ActiveCfg = Release|Win32
		{2D4DCBD5-1D5E-4616-B029-135AB2CA755C}.Release|x86.Build.0 = Release|Win32
	EndGlobalSection
	GlobalSection(SolutionProperties) = preSolution
		HideSolutionNode = FALSE
	EndGlobalSection
	GlobalSection(ExtensibilityGlobals) = postSolution
		SolutionGuid = {791D6812-C590-4B30-9596-CC86BCA1FA4D}
	EndGlobalSection
EndGlobal
